// !$*UTF8*$!
{
	archiveVersion = 1;
	classes = {
	};
	objectVersion = 46;
	objects = {

/* Begin PBXBuildFile section */
		8B620390198ADB5C00C06152 /* Foundation.framework in Frameworks */ = {isa = PBXBuildFile; fileRef = 8B62038F198ADB5C00C06152 /* Foundation.framework */; };
		8B620392198ADB5C00C06152 /* CoreGraphics.framework in Frameworks */ = {isa = PBXBuildFile; fileRef = 8B620391198ADB5C00C06152 /* CoreGraphics.framework */; };
		8B620394198ADB5C00C06152 /* UIKit.framework in Frameworks */ = {isa = PBXBuildFile; fileRef = 8B620393198ADB5C00C06152 /* UIKit.framework */; };
		8B620396198ADB5C00C06152 /* SpriteKit.framework in Frameworks */ = {isa = PBXBuildFile; fileRef = 8B620395198ADB5C00C06152 /* SpriteKit.framework */; };
		8B62039C198ADB5C00C06152 /* InfoPlist.strings in Resources */ = {isa = PBXBuildFile; fileRef = 8B62039A198ADB5C00C06152 /* InfoPlist.strings */; };
		8B62039E198ADB5C00C06152 /* main.m in Sources */ = {isa = PBXBuildFile; fileRef = 8B62039D198ADB5C00C06152 /* main.m */; };
		8B6203A2198ADB5C00C06152 /* iAKAppDelegate.m in Sources */ = {isa = PBXBuildFile; fileRef = 8B6203A1198ADB5C00C06152 /* iAKAppDelegate.m */; };
		8B6203A5198ADB5C00C06152 /* Main_iPhone.storyboard in Resources */ = {isa = PBXBuildFile; fileRef = 8B6203A3198ADB5C00C06152 /* Main_iPhone.storyboard */; };
		8B6203A8198ADB5C00C06152 /* Main_iPad.storyboard in Resources */ = {isa = PBXBuildFile; fileRef = 8B6203A6198ADB5C00C06152 /* Main_iPad.storyboard */; };
		8B6203AB198ADB5C00C06152 /* iAKViewController.m in Sources */ = {isa = PBXBuildFile; fileRef = 8B6203AA198ADB5C00C06152 /* iAKViewController.m */; };
		8B6203AE198ADB5C00C06152 /* iAKMyScene.m in Sources */ = {isa = PBXBuildFile; fileRef = 8B6203AD198ADB5C00C06152 /* iAKMyScene.m */; };
		8B6203B0198ADB5C00C06152 /* Spaceship.png in Resources */ = {isa = PBXBuildFile; fileRef = 8B6203AF198ADB5C00C06152 /* Spaceship.png */; };
		8B6203B2198ADB5C00C06152 /* Images.xcassets in Resources */ = {isa = PBXBuildFile; fileRef = 8B6203B1198ADB5C00C06152 /* Images.xcassets */; };
		8B6203B9198ADB5C00C06152 /* XCTest.framework in Frameworks */ = {isa = PBXBuildFile; fileRef = 8B6203B8198ADB5C00C06152 /* XCTest.framework */; };
		8B6203BA198ADB5C00C06152 /* Foundation.framework in Frameworks */ = {isa = PBXBuildFile; fileRef = 8B62038F198ADB5C00C06152 /* Foundation.framework */; };
		8B6203BB198ADB5C00C06152 /* UIKit.framework in Frameworks */ = {isa = PBXBuildFile; fileRef = 8B620393198ADB5C00C06152 /* UIKit.framework */; };
		8B6203C3198ADB5C00C06152 /* InfoPlist.strings in Resources */ = {isa = PBXBuildFile; fileRef = 8B6203C1198ADB5C00C06152 /* InfoPlist.strings */; };
		8B6203C5198ADB5C00C06152 /* TidyUpTests.m in Sources */ = {isa = PBXBuildFile; fileRef = 8B6203C4198ADB5C00C06152 /* TidyUpTests.m */; };
		8B620406198ADD2200C06152 /* tidyUpButton.png in Resources */ = {isa = PBXBuildFile; fileRef = 8B6203CF198ADD2200C06152 /* tidyUpButton.png */; };
		8B620407198ADD2200C06152 /* Croissant-Highlighted.png in Resources */ = {isa = PBXBuildFile; fileRef = 8B6203D0198ADD2200C06152 /* Croissant-Highlighted.png */; };
		8B620408198ADD2200C06152 /* Croissant-Highlighted@2x.png in Resources */ = {isa = PBXBuildFile; fileRef = 8B6203D1198ADD2200C06152 /* Croissant-Highlighted@2x.png */; };
		8B620409198ADD2200C06152 /* Croissant.png in Resources */ = {isa = PBXBuildFile; fileRef = 8B6203D2198ADD2200C06152 /* Croissant.png */; };
		8B62040A198ADD2200C06152 /* Croissant@2x.png in Resources */ = {isa = PBXBuildFile; fileRef = 8B6203D3198ADD2200C06152 /* Croissant@2x.png */; };
		8B62040B198ADD2200C06152 /* Cupcake-Highlighted.png in Resources */ = {isa = PBXBuildFile; fileRef = 8B6203D4198ADD2200C06152 /* Cupcake-Highlighted.png */; };
		8B62040C198ADD2200C06152 /* Cupcake-Highlighted@2x.png in Resources */ = {isa = PBXBuildFile; fileRef = 8B6203D5198ADD2200C06152 /* Cupcake-Highlighted@2x.png */; };
		8B62040D198ADD2200C06152 /* Cupcake.png in Resources */ = {isa = PBXBuildFile; fileRef = 8B6203D6198ADD2200C06152 /* Cupcake.png */; };
		8B62040E198ADD2200C06152 /* Cupcake@2x.png in Resources */ = {isa = PBXBuildFile; fileRef = 8B6203D7198ADD2200C06152 /* Cupcake@2x.png */; };
		8B62040F198ADD2200C06152 /* Danish-Highlighted.png in Resources */ = {isa = PBXBuildFile; fileRef = 8B6203D8198ADD2200C06152 /* Danish-Highlighted.png */; };
		8B620410198ADD2200C06152 /* Danish-Highlighted@2x.png in Resources */ = {isa = PBXBuildFile; fileRef = 8B6203D9198ADD2200C06152 /* Danish-Highlighted@2x.png */; };
		8B620411198ADD2200C06152 /* Danish.png in Resources */ = {isa = PBXBuildFile; fileRef = 8B6203DA198ADD2200C06152 /* Danish.png */; };
		8B620412198ADD2200C06152 /* Danish@2x.png in Resources */ = {isa = PBXBuildFile; fileRef = 8B6203DB198ADD2200C06152 /* Danish@2x.png */; };
		8B620413198ADD2200C06152 /* Donut-Highlighted.png in Resources */ = {isa = PBXBuildFile; fileRef = 8B6203DC198ADD2200C06152 /* Donut-Highlighted.png */; };
		8B620414198ADD2200C06152 /* Donut-Highlighted@2x.png in Resources */ = {isa = PBXBuildFile; fileRef = 8B6203DD198ADD2200C06152 /* Donut-Highlighted@2x.png */; };
		8B620415198ADD2200C06152 /* Donut.png in Resources */ = {isa = PBXBuildFile; fileRef = 8B6203DE198ADD2200C06152 /* Donut.png */; };
		8B620416198ADD2200C06152 /* Donut@2x.png in Resources */ = {isa = PBXBuildFile; fileRef = 8B6203DF198ADD2200C06152 /* Donut@2x.png */; };
		8B620417198ADD2200C06152 /* Macaroon-Highlighted.png in Resources */ = {isa = PBXBuildFile; fileRef = 8B6203E0198ADD2200C06152 /* Macaroon-Highlighted.png */; };
		8B620418198ADD2200C06152 /* Macaroon-Highlighted@2x.png in Resources */ = {isa = PBXBuildFile; fileRef = 8B6203E1198ADD2200C06152 /* Macaroon-Highlighted@2x.png */; };
		8B620419198ADD2200C06152 /* Macaroon.png in Resources */ = {isa = PBXBuildFile; fileRef = 8B6203E2198ADD2200C06152 /* Macaroon.png */; };
		8B62041A198ADD2200C06152 /* Macaroon@2x.png in Resources */ = {isa = PBXBuildFile; fileRef = 8B6203E3198ADD2200C06152 /* Macaroon@2x.png */; };
		8B62041B198ADD2200C06152 /* SugarCookie-Highlighted.png in Resources */ = {isa = PBXBuildFile; fileRef = 8B6203E4198ADD2200C06152 /* SugarCookie-Highlighted.png */; };
		8B62041C198ADD2200C06152 /* SugarCookie-Highlighted@2x.png in Resources */ = {isa = PBXBuildFile; fileRef = 8B6203E5198ADD2200C06152 /* SugarCookie-Highlighted@2x.png */; };
		8B62041D198ADD2200C06152 /* SugarCookie.png in Resources */ = {isa = PBXBuildFile; fileRef = 8B6203E6198ADD2200C06152 /* SugarCookie.png */; };
		8B62041E198ADD2200C06152 /* SugarCookie@2x.png in Resources */ = {isa = PBXBuildFile; fileRef = 8B6203E7198ADD2200C06152 /* SugarCookie@2x.png */; };
		8B62041F198ADD2200C06152 /* Tile.png in Resources */ = {isa = PBXBuildFile; fileRef = 8B6203E8198ADD2200C06152 /* Tile.png */; };
		8B620420198ADD2200C06152 /* Tile@2x.png in Resources */ = {isa = PBXBuildFile; fileRef = 8B6203E9198ADD2200C06152 /* Tile@2x.png */; };
		8B620421198ADD2200C06152 /* MaskTile.png in Resources */ = {isa = PBXBuildFile; fileRef = 8B6203EA198ADD2200C06152 /* MaskTile.png */; };
		8B620422198ADD2200C06152 /* MaskTile@2x.png in Resources */ = {isa = PBXBuildFile; fileRef = 8B6203EB198ADD2200C06152 /* MaskTile@2x.png */; };
		8B620423198ADD2200C06152 /* Tile_1.png in Resources */ = {isa = PBXBuildFile; fileRef = 8B6203EC198ADD2200C06152 /* Tile_1.png */; };
		8B620424198ADD2200C06152 /* Tile_1@2x.png in Resources */ = {isa = PBXBuildFile; fileRef = 8B6203ED198ADD2200C06152 /* Tile_1@2x.png */; };
		8B620425198ADD2200C06152 /* Tile_2.png in Resources */ = {isa = PBXBuildFile; fileRef = 8B6203EE198ADD2200C06152 /* Tile_2.png */; };
		8B620426198ADD2200C06152 /* Tile_2@2x.png in Resources */ = {isa = PBXBuildFile; fileRef = 8B6203EF198ADD2200C06152 /* Tile_2@2x.png */; };
		8B620427198ADD2200C06152 /* Tile_3.png in Resources */ = {isa = PBXBuildFile; fileRef = 8B6203F0198ADD2200C06152 /* Tile_3.png */; };
		8B620428198ADD2200C06152 /* Tile_3@2x.png in Resources */ = {isa = PBXBuildFile; fileRef = 8B6203F1198ADD2200C06152 /* Tile_3@2x.png */; };
		8B620429198ADD2200C06152 /* Tile_4.png in Resources */ = {isa = PBXBuildFile; fileRef = 8B6203F2198ADD2200C06152 /* Tile_4.png */; };
		8B62042A198ADD2200C06152 /* Tile_4@2x.png in Resources */ = {isa = PBXBuildFile; fileRef = 8B6203F3198ADD2200C06152 /* Tile_4@2x.png */; };
		8B62042B198ADD2200C06152 /* Tile_5.png in Resources */ = {isa = PBXBuildFile; fileRef = 8B6203F4198ADD2200C06152 /* Tile_5.png */; };
		8B62042C198ADD2200C06152 /* Tile_5@2x.png in Resources */ = {isa = PBXBuildFile; fileRef = 8B6203F5198ADD2200C06152 /* Tile_5@2x.png */; };
		8B62042D198ADD2200C06152 /* Tile_7.png in Resources */ = {isa = PBXBuildFile; fileRef = 8B6203F6198ADD2200C06152 /* Tile_7.png */; };
		8B62042E198ADD2200C06152 /* Tile_7@2x.png in Resources */ = {isa = PBXBuildFile; fileRef = 8B6203F7198ADD2200C06152 /* Tile_7@2x.png */; };
		8B62042F198ADD2200C06152 /* Tile_8.png in Resources */ = {isa = PBXBuildFile; fileRef = 8B6203F8198ADD2200C06152 /* Tile_8.png */; };
		8B620430198ADD2200C06152 /* Tile_8@2x.png in Resources */ = {isa = PBXBuildFile; fileRef = 8B6203F9198ADD2200C06152 /* Tile_8@2x.png */; };
		8B620431198ADD2200C06152 /* Tile_10.png in Resources */ = {isa = PBXBuildFile; fileRef = 8B6203FA198ADD2200C06152 /* Tile_10.png */; };
		8B620432198ADD2200C06152 /* Tile_10@2x.png in Resources */ = {isa = PBXBuildFile; fileRef = 8B6203FB198ADD2200C06152 /* Tile_10@2x.png */; };
		8B620433198ADD2200C06152 /* Tile_11.png in Resources */ = {isa = PBXBuildFile; fileRef = 8B6203FC198ADD2200C06152 /* Tile_11.png */; };
		8B620434198ADD2200C06152 /* Tile_11@2x.png in Resources */ = {isa = PBXBuildFile; fileRef = 8B6203FD198ADD2200C06152 /* Tile_11@2x.png */; };
		8B620435198ADD2200C06152 /* Tile_12.png in Resources */ = {isa = PBXBuildFile; fileRef = 8B6203FE198ADD2200C06152 /* Tile_12.png */; };
		8B620436198ADD2200C06152 /* Tile_12@2x.png in Resources */ = {isa = PBXBuildFile; fileRef = 8B6203FF198ADD2200C06152 /* Tile_12@2x.png */; };
		8B620437198ADD2200C06152 /* Tile_13.png in Resources */ = {isa = PBXBuildFile; fileRef = 8B620400198ADD2200C06152 /* Tile_13.png */; };
		8B620438198ADD2200C06152 /* Tile_13@2x.png in Resources */ = {isa = PBXBuildFile; fileRef = 8B620401198ADD2200C06152 /* Tile_13@2x.png */; };
		8B620439198ADD2200C06152 /* Tile_14.png in Resources */ = {isa = PBXBuildFile; fileRef = 8B620402198ADD2200C06152 /* Tile_14.png */; };
		8B62043A198ADD2200C06152 /* Tile_14@2x.png in Resources */ = {isa = PBXBuildFile; fileRef = 8B620403198ADD2200C06152 /* Tile_14@2x.png */; };
		8B62043B198ADD2200C06152 /* Tile_15.png in Resources */ = {isa = PBXBuildFile; fileRef = 8B620404198ADD2200C06152 /* Tile_15.png */; };
		8B62043C198ADD2200C06152 /* Tile_15@2x.png in Resources */ = {isa = PBXBuildFile; fileRef = 8B620405198ADD2200C06152 /* Tile_15@2x.png */; };
		8B62043E198AE34500C06152 /* Background@2x.png in Resources */ = {isa = PBXBuildFile; fileRef = 8B62043D198AE34500C06152 /* Background@2x.png */; };
		8B620440198AE60100C06152 /* playButton.png in Resources */ = {isa = PBXBuildFile; fileRef = 8B62043F198AE60100C06152 /* playButton.png */; };
		8B620448198AF54300C06152 /* categoryTwo.png in Resources */ = {isa = PBXBuildFile; fileRef = 8B620444198AF54300C06152 /* categoryTwo.png */; };
		8B620449198AF54300C06152 /* categoryOne.png in Resources */ = {isa = PBXBuildFile; fileRef = 8B620445198AF54300C06152 /* categoryOne.png */; };
		8B62044A198AF54300C06152 /* categoryThree.png in Resources */ = {isa = PBXBuildFile; fileRef = 8B620446198AF54300C06152 /* categoryThree.png */; };
		8B62044B198AF54300C06152 /* categoryFour.png in Resources */ = {isa = PBXBuildFile; fileRef = 8B620447198AF54300C06152 /* categoryFour.png */; };
		8BCC32F7198E94FF0011B0A2 /* button.png in Resources */ = {isa = PBXBuildFile; fileRef = 8BCC32F1198E94FF0011B0A2 /* button.png */; };
		8BCC32F8198E94FF0011B0A2 /* levelStar.png in Resources */ = {isa = PBXBuildFile; fileRef = 8BCC32F2198E94FF0011B0A2 /* levelStar.png */; };
		8BCC32F9198E94FF0011B0A2 /* levelStar@2x.png in Resources */ = {isa = PBXBuildFile; fileRef = 8BCC32F3198E94FF0011B0A2 /* levelStar@2x.png */; };
		8BCC32FA198E94FF0011B0A2 /* levelStar_low.png in Resources */ = {isa = PBXBuildFile; fileRef = 8BCC32F4198E94FF0011B0A2 /* levelStar_low.png */; };
		8BCC32FB198E94FF0011B0A2 /* lock.png in Resources */ = {isa = PBXBuildFile; fileRef = 8BCC32F5198E94FF0011B0A2 /* lock.png */; };
		8BCC32FC198E94FF0011B0A2 /* star_low@2x.png in Resources */ = {isa = PBXBuildFile; fileRef = 8BCC32F6198E94FF0011B0A2 /* star_low@2x.png */; };
		8BCC3307198E95130011B0A2 /* bg0001.png in Resources */ = {isa = PBXBuildFile; fileRef = 8BCC32FD198E95130011B0A2 /* bg0001.png */; };
		8BCC3308198E95130011B0A2 /* bg0002.png in Resources */ = {isa = PBXBuildFile; fileRef = 8BCC32FE198E95130011B0A2 /* bg0002.png */; };
		8BCC3309198E95130011B0A2 /* bg0003.png in Resources */ = {isa = PBXBuildFile; fileRef = 8BCC32FF198E95130011B0A2 /* bg0003.png */; };
		8BCC330A198E95130011B0A2 /* bg0004.png in Resources */ = {isa = PBXBuildFile; fileRef = 8BCC3300198E95130011B0A2 /* bg0004.png */; };
		8BCC330B198E95130011B0A2 /* bg0005.png in Resources */ = {isa = PBXBuildFile; fileRef = 8BCC3301198E95130011B0A2 /* bg0005.png */; };
		8BCC330C198E95130011B0A2 /* mg0001.png in Resources */ = {isa = PBXBuildFile; fileRef = 8BCC3302198E95130011B0A2 /* mg0001.png */; };
		8BCC330D198E95130011B0A2 /* mg0002.png in Resources */ = {isa = PBXBuildFile; fileRef = 8BCC3303198E95130011B0A2 /* mg0002.png */; };
		8BCC330E198E95130011B0A2 /* mg0004.png in Resources */ = {isa = PBXBuildFile; fileRef = 8BCC3304198E95130011B0A2 /* mg0004.png */; };
		8BCC330F198E95130011B0A2 /* mg0005.png in Resources */ = {isa = PBXBuildFile; fileRef = 8BCC3305198E95130011B0A2 /* mg0005.png */; };
		8BCC3310198E95130011B0A2 /* mg0003.png in Resources */ = {isa = PBXBuildFile; fileRef = 8BCC3306198E95130011B0A2 /* mg0003.png */; };
		8BCC332A198EBD840011B0A2 /* Levels.plist in Resources */ = {isa = PBXBuildFile; fileRef = 8BCC3328198EBD840011B0A2 /* Levels.plist */; };
		8BCC332B198EBD840011B0A2 /* Worlds.plist in Resources */ = {isa = PBXBuildFile; fileRef = 8BCC3329198EBD840011B0A2 /* Worlds.plist */; };
		8BCC332E198EBEBC0011B0A2 /* iAKLevel.m in Sources */ = {isa = PBXBuildFile; fileRef = 8BCC332D198EBEBC0011B0A2 /* iAKLevel.m */; };
		8BCC3331198EBF360011B0A2 /* iAKWorld.m in Sources */ = {isa = PBXBuildFile; fileRef = 8BCC3330198EBF360011B0A2 /* iAKWorld.m */; };
		8BCC3334198EBFBF0011B0A2 /* iAKGameModel.m in Sources */ = {isa = PBXBuildFile; fileRef = 8BCC3333198EBFBF0011B0A2 /* iAKGameModel.m */; };
		8BCC3337198EC05A0011B0A2 /* iAKLevelButton.m in Sources */ = {isa = PBXBuildFile; fileRef = 8BCC3336198EC05A0011B0A2 /* iAKLevelButton.m */; };
		8BCC333B198EC20D0011B0A2 /* iAKLevelGrid.m in Sources */ = {isa = PBXBuildFile; fileRef = 8BCC333A198EC20D0011B0A2 /* iAKLevelGrid.m */; };
		8BCC333E198EC2420011B0A2 /* iAKLevelScroller.m in Sources */ = {isa = PBXBuildFile; fileRef = 8BCC333D198EC2420011B0A2 /* iAKLevelScroller.m */; };
/* End PBXBuildFile section */

/* Begin PBXContainerItemProxy section */
		8B6203BC198ADB5C00C06152 /* PBXContainerItemProxy */ = {
			isa = PBXContainerItemProxy;
			containerPortal = 8B620384198ADB5B00C06152 /* Project object */;
			proxyType = 1;
			remoteGlobalIDString = 8B62038B198ADB5C00C06152;
			remoteInfo = TidyUp;
		};
/* End PBXContainerItemProxy section */

/* Begin PBXFileReference section */
		8B62038C198ADB5C00C06152 /* TidyUp.app */ = {isa = PBXFileReference; explicitFileType = wrapper.application; includeInIndex = 0; path = TidyUp.app; sourceTree = BUILT_PRODUCTS_DIR; };
		8B62038F198ADB5C00C06152 /* Foundation.framework */ = {isa = PBXFileReference; lastKnownFileType = wrapper.framework; name = Foundation.framework; path = System/Library/Frameworks/Foundation.framework; sourceTree = SDKROOT; };
		8B620391198ADB5C00C06152 /* CoreGraphics.framework */ = {isa = PBXFileReference; lastKnownFileType = wrapper.framework; name = CoreGraphics.framework; path = System/Library/Frameworks/CoreGraphics.framework; sourceTree = SDKROOT; };
		8B620393198ADB5C00C06152 /* UIKit.framework */ = {isa = PBXFileReference; lastKnownFileType = wrapper.framework; name = UIKit.framework; path = System/Library/Frameworks/UIKit.framework; sourceTree = SDKROOT; };
		8B620395198ADB5C00C06152 /* SpriteKit.framework */ = {isa = PBXFileReference; lastKnownFileType = wrapper.framework; name = SpriteKit.framework; path = System/Library/Frameworks/SpriteKit.framework; sourceTree = SDKROOT; };
		8B620399198ADB5C00C06152 /* TidyUp-Info.plist */ = {isa = PBXFileReference; lastKnownFileType = text.plist.xml; path = "TidyUp-Info.plist"; sourceTree = "<group>"; };
		8B62039B198ADB5C00C06152 /* en */ = {isa = PBXFileReference; lastKnownFileType = text.plist.strings; name = en; path = en.lproj/InfoPlist.strings; sourceTree = "<group>"; };
		8B62039D198ADB5C00C06152 /* main.m */ = {isa = PBXFileReference; lastKnownFileType = sourcecode.c.objc; path = main.m; sourceTree = "<group>"; };
		8B62039F198ADB5C00C06152 /* TidyUp-Prefix.pch */ = {isa = PBXFileReference; lastKnownFileType = sourcecode.c.h; path = "TidyUp-Prefix.pch"; sourceTree = "<group>"; };
		8B6203A0198ADB5C00C06152 /* iAKAppDelegate.h */ = {isa = PBXFileReference; lastKnownFileType = sourcecode.c.h; path = iAKAppDelegate.h; sourceTree = "<group>"; };
		8B6203A1198ADB5C00C06152 /* iAKAppDelegate.m */ = {isa = PBXFileReference; lastKnownFileType = sourcecode.c.objc; path = iAKAppDelegate.m; sourceTree = "<group>"; };
		8B6203A4198ADB5C00C06152 /* Base */ = {isa = PBXFileReference; lastKnownFileType = file.storyboard; name = Base; path = Base.lproj/Main_iPhone.storyboard; sourceTree = "<group>"; };
		8B6203A7198ADB5C00C06152 /* Base */ = {isa = PBXFileReference; lastKnownFileType = file.storyboard; name = Base; path = Base.lproj/Main_iPad.storyboard; sourceTree = "<group>"; };
		8B6203A9198ADB5C00C06152 /* iAKViewController.h */ = {isa = PBXFileReference; lastKnownFileType = sourcecode.c.h; path = iAKViewController.h; sourceTree = "<group>"; };
		8B6203AA198ADB5C00C06152 /* iAKViewController.m */ = {isa = PBXFileReference; lastKnownFileType = sourcecode.c.objc; path = iAKViewController.m; sourceTree = "<group>"; };
		8B6203AC198ADB5C00C06152 /* iAKMyScene.h */ = {isa = PBXFileReference; lastKnownFileType = sourcecode.c.h; path = iAKMyScene.h; sourceTree = "<group>"; };
		8B6203AD198ADB5C00C06152 /* iAKMyScene.m */ = {isa = PBXFileReference; lastKnownFileType = sourcecode.c.objc; path = iAKMyScene.m; sourceTree = "<group>"; };
		8B6203AF198ADB5C00C06152 /* Spaceship.png */ = {isa = PBXFileReference; lastKnownFileType = image.png; path = Spaceship.png; sourceTree = "<group>"; };
		8B6203B1198ADB5C00C06152 /* Images.xcassets */ = {isa = PBXFileReference; lastKnownFileType = folder.assetcatalog; path = Images.xcassets; sourceTree = "<group>"; };
		8B6203B7198ADB5C00C06152 /* TidyUpTests.xctest */ = {isa = PBXFileReference; explicitFileType = wrapper.cfbundle; includeInIndex = 0; path = TidyUpTests.xctest; sourceTree = BUILT_PRODUCTS_DIR; };
		8B6203B8198ADB5C00C06152 /* XCTest.framework */ = {isa = PBXFileReference; lastKnownFileType = wrapper.framework; name = XCTest.framework; path = Library/Frameworks/XCTest.framework; sourceTree = DEVELOPER_DIR; };
		8B6203C0198ADB5C00C06152 /* TidyUpTests-Info.plist */ = {isa = PBXFileReference; lastKnownFileType = text.plist.xml; path = "TidyUpTests-Info.plist"; sourceTree = "<group>"; };
		8B6203C2198ADB5C00C06152 /* en */ = {isa = PBXFileReference; lastKnownFileType = text.plist.strings; name = en; path = en.lproj/InfoPlist.strings; sourceTree = "<group>"; };
		8B6203C4198ADB5C00C06152 /* TidyUpTests.m */ = {isa = PBXFileReference; lastKnownFileType = sourcecode.c.objc; path = TidyUpTests.m; sourceTree = "<group>"; };
		8B6203CF198ADD2200C06152 /* tidyUpButton.png */ = {isa = PBXFileReference; lastKnownFileType = image.png; path = tidyUpButton.png; sourceTree = "<group>"; };
		8B6203D0198ADD2200C06152 /* Croissant-Highlighted.png */ = {isa = PBXFileReference; lastKnownFileType = image.png; path = "Croissant-Highlighted.png"; sourceTree = "<group>"; };
		8B6203D1198ADD2200C06152 /* Croissant-Highlighted@2x.png */ = {isa = PBXFileReference; lastKnownFileType = image.png; path = "Croissant-Highlighted@2x.png"; sourceTree = "<group>"; };
		8B6203D2198ADD2200C06152 /* Croissant.png */ = {isa = PBXFileReference; lastKnownFileType = image.png; path = Croissant.png; sourceTree = "<group>"; };
		8B6203D3198ADD2200C06152 /* Croissant@2x.png */ = {isa = PBXFileReference; lastKnownFileType = image.png; path = "Croissant@2x.png"; sourceTree = "<group>"; };
		8B6203D4198ADD2200C06152 /* Cupcake-Highlighted.png */ = {isa = PBXFileReference; lastKnownFileType = image.png; path = "Cupcake-Highlighted.png"; sourceTree = "<group>"; };
		8B6203D5198ADD2200C06152 /* Cupcake-Highlighted@2x.png */ = {isa = PBXFileReference; lastKnownFileType = image.png; path = "Cupcake-Highlighted@2x.png"; sourceTree = "<group>"; };
		8B6203D6198ADD2200C06152 /* Cupcake.png */ = {isa = PBXFileReference; lastKnownFileType = image.png; path = Cupcake.png; sourceTree = "<group>"; };
		8B6203D7198ADD2200C06152 /* Cupcake@2x.png */ = {isa = PBXFileReference; lastKnownFileType = image.png; path = "Cupcake@2x.png"; sourceTree = "<group>"; };
		8B6203D8198ADD2200C06152 /* Danish-Highlighted.png */ = {isa = PBXFileReference; lastKnownFileType = image.png; path = "Danish-Highlighted.png"; sourceTree = "<group>"; };
		8B6203D9198ADD2200C06152 /* Danish-Highlighted@2x.png */ = {isa = PBXFileReference; lastKnownFileType = image.png; path = "Danish-Highlighted@2x.png"; sourceTree = "<group>"; };
		8B6203DA198ADD2200C06152 /* Danish.png */ = {isa = PBXFileReference; lastKnownFileType = image.png; path = Danish.png; sourceTree = "<group>"; };
		8B6203DB198ADD2200C06152 /* Danish@2x.png */ = {isa = PBXFileReference; lastKnownFileType = image.png; path = "Danish@2x.png"; sourceTree = "<group>"; };
		8B6203DC198ADD2200C06152 /* Donut-Highlighted.png */ = {isa = PBXFileReference; lastKnownFileType = image.png; path = "Donut-Highlighted.png"; sourceTree = "<group>"; };
		8B6203DD198ADD2200C06152 /* Donut-Highlighted@2x.png */ = {isa = PBXFileReference; lastKnownFileType = image.png; path = "Donut-Highlighted@2x.png"; sourceTree = "<group>"; };
		8B6203DE198ADD2200C06152 /* Donut.png */ = {isa = PBXFileReference; lastKnownFileType = image.png; path = Donut.png; sourceTree = "<group>"; };
		8B6203DF198ADD2200C06152 /* Donut@2x.png */ = {isa = PBXFileReference; lastKnownFileType = image.png; path = "Donut@2x.png"; sourceTree = "<group>"; };
		8B6203E0198ADD2200C06152 /* Macaroon-Highlighted.png */ = {isa = PBXFileReference; lastKnownFileType = image.png; path = "Macaroon-Highlighted.png"; sourceTree = "<group>"; };
		8B6203E1198ADD2200C06152 /* Macaroon-Highlighted@2x.png */ = {isa = PBXFileReference; lastKnownFileType = image.png; path = "Macaroon-Highlighted@2x.png"; sourceTree = "<group>"; };
		8B6203E2198ADD2200C06152 /* Macaroon.png */ = {isa = PBXFileReference; lastKnownFileType = image.png; path = Macaroon.png; sourceTree = "<group>"; };
		8B6203E3198ADD2200C06152 /* Macaroon@2x.png */ = {isa = PBXFileReference; lastKnownFileType = image.png; path = "Macaroon@2x.png"; sourceTree = "<group>"; };
		8B6203E4198ADD2200C06152 /* SugarCookie-Highlighted.png */ = {isa = PBXFileReference; lastKnownFileType = image.png; path = "SugarCookie-Highlighted.png"; sourceTree = "<group>"; };
		8B6203E5198ADD2200C06152 /* SugarCookie-Highlighted@2x.png */ = {isa = PBXFileReference; lastKnownFileType = image.png; path = "SugarCookie-Highlighted@2x.png"; sourceTree = "<group>"; };
		8B6203E6198ADD2200C06152 /* SugarCookie.png */ = {isa = PBXFileReference; lastKnownFileType = image.png; path = SugarCookie.png; sourceTree = "<group>"; };
		8B6203E7198ADD2200C06152 /* SugarCookie@2x.png */ = {isa = PBXFileReference; lastKnownFileType = image.png; path = "SugarCookie@2x.png"; sourceTree = "<group>"; };
		8B6203E8198ADD2200C06152 /* Tile.png */ = {isa = PBXFileReference; lastKnownFileType = image.png; path = Tile.png; sourceTree = "<group>"; };
		8B6203E9198ADD2200C06152 /* Tile@2x.png */ = {isa = PBXFileReference; lastKnownFileType = image.png; path = "Tile@2x.png"; sourceTree = "<group>"; };
		8B6203EA198ADD2200C06152 /* MaskTile.png */ = {isa = PBXFileReference; lastKnownFileType = image.png; path = MaskTile.png; sourceTree = "<group>"; };
		8B6203EB198ADD2200C06152 /* MaskTile@2x.png */ = {isa = PBXFileReference; lastKnownFileType = image.png; path = "MaskTile@2x.png"; sourceTree = "<group>"; };
		8B6203EC198ADD2200C06152 /* Tile_1.png */ = {isa = PBXFileReference; lastKnownFileType = image.png; path = Tile_1.png; sourceTree = "<group>"; };
		8B6203ED198ADD2200C06152 /* Tile_1@2x.png */ = {isa = PBXFileReference; lastKnownFileType = image.png; path = "Tile_1@2x.png"; sourceTree = "<group>"; };
		8B6203EE198ADD2200C06152 /* Tile_2.png */ = {isa = PBXFileReference; lastKnownFileType = image.png; path = Tile_2.png; sourceTree = "<group>"; };
		8B6203EF198ADD2200C06152 /* Tile_2@2x.png */ = {isa = PBXFileReference; lastKnownFileType = image.png; path = "Tile_2@2x.png"; sourceTree = "<group>"; };
		8B6203F0198ADD2200C06152 /* Tile_3.png */ = {isa = PBXFileReference; lastKnownFileType = image.png; path = Tile_3.png; sourceTree = "<group>"; };
		8B6203F1198ADD2200C06152 /* Tile_3@2x.png */ = {isa = PBXFileReference; lastKnownFileType = image.png; path = "Tile_3@2x.png"; sourceTree = "<group>"; };
		8B6203F2198ADD2200C06152 /* Tile_4.png */ = {isa = PBXFileReference; lastKnownFileType = image.png; path = Tile_4.png; sourceTree = "<group>"; };
		8B6203F3198ADD2200C06152 /* Tile_4@2x.png */ = {isa = PBXFileReference; lastKnownFileType = image.png; path = "Tile_4@2x.png"; sourceTree = "<group>"; };
		8B6203F4198ADD2200C06152 /* Tile_5.png */ = {isa = PBXFileReference; lastKnownFileType = image.png; path = Tile_5.png; sourceTree = "<group>"; };
		8B6203F5198ADD2200C06152 /* Tile_5@2x.png */ = {isa = PBXFileReference; lastKnownFileType = image.png; path = "Tile_5@2x.png"; sourceTree = "<group>"; };
		8B6203F6198ADD2200C06152 /* Tile_7.png */ = {isa = PBXFileReference; lastKnownFileType = image.png; path = Tile_7.png; sourceTree = "<group>"; };
		8B6203F7198ADD2200C06152 /* Tile_7@2x.png */ = {isa = PBXFileReference; lastKnownFileType = image.png; path = "Tile_7@2x.png"; sourceTree = "<group>"; };
		8B6203F8198ADD2200C06152 /* Tile_8.png */ = {isa = PBXFileReference; lastKnownFileType = image.png; path = Tile_8.png; sourceTree = "<group>"; };
		8B6203F9198ADD2200C06152 /* Tile_8@2x.png */ = {isa = PBXFileReference; lastKnownFileType = image.png; path = "Tile_8@2x.png"; sourceTree = "<group>"; };
		8B6203FA198ADD2200C06152 /* Tile_10.png */ = {isa = PBXFileReference; lastKnownFileType = image.png; path = Tile_10.png; sourceTree = "<group>"; };
		8B6203FB198ADD2200C06152 /* Tile_10@2x.png */ = {isa = PBXFileReference; lastKnownFileType = image.png; path = "Tile_10@2x.png"; sourceTree = "<group>"; };
		8B6203FC198ADD2200C06152 /* Tile_11.png */ = {isa = PBXFileReference; lastKnownFileType = image.png; path = Tile_11.png; sourceTree = "<group>"; };
		8B6203FD198ADD2200C06152 /* Tile_11@2x.png */ = {isa = PBXFileReference; lastKnownFileType = image.png; path = "Tile_11@2x.png"; sourceTree = "<group>"; };
		8B6203FE198ADD2200C06152 /* Tile_12.png */ = {isa = PBXFileReference; lastKnownFileType = image.png; path = Tile_12.png; sourceTree = "<group>"; };
		8B6203FF198ADD2200C06152 /* Tile_12@2x.png */ = {isa = PBXFileReference; lastKnownFileType = image.png; path = "Tile_12@2x.png"; sourceTree = "<group>"; };
		8B620400198ADD2200C06152 /* Tile_13.png */ = {isa = PBXFileReference; lastKnownFileType = image.png; path = Tile_13.png; sourceTree = "<group>"; };
		8B620401198ADD2200C06152 /* Tile_13@2x.png */ = {isa = PBXFileReference; lastKnownFileType = image.png; path = "Tile_13@2x.png"; sourceTree = "<group>"; };
		8B620402198ADD2200C06152 /* Tile_14.png */ = {isa = PBXFileReference; lastKnownFileType = image.png; path = Tile_14.png; sourceTree = "<group>"; };
		8B620403198ADD2200C06152 /* Tile_14@2x.png */ = {isa = PBXFileReference; lastKnownFileType = image.png; path = "Tile_14@2x.png"; sourceTree = "<group>"; };
		8B620404198ADD2200C06152 /* Tile_15.png */ = {isa = PBXFileReference; lastKnownFileType = image.png; path = Tile_15.png; sourceTree = "<group>"; };
		8B620405198ADD2200C06152 /* Tile_15@2x.png */ = {isa = PBXFileReference; lastKnownFileType = image.png; path = "Tile_15@2x.png"; sourceTree = "<group>"; };
		8B62043D198AE34500C06152 /* Background@2x.png */ = {isa = PBXFileReference; lastKnownFileType = image.png; path = "Background@2x.png"; sourceTree = "<group>"; };
		8B62043F198AE60100C06152 /* playButton.png */ = {isa = PBXFileReference; lastKnownFileType = image.png; path = playButton.png; sourceTree = "<group>"; };
		8B620444198AF54300C06152 /* categoryTwo.png */ = {isa = PBXFileReference; lastKnownFileType = image.png; path = categoryTwo.png; sourceTree = "<group>"; };
		8B620445198AF54300C06152 /* categoryOne.png */ = {isa = PBXFileReference; lastKnownFileType = image.png; path = categoryOne.png; sourceTree = "<group>"; };
		8B620446198AF54300C06152 /* categoryThree.png */ = {isa = PBXFileReference; lastKnownFileType = image.png; path = categoryThree.png; sourceTree = "<group>"; };
		8B620447198AF54300C06152 /* categoryFour.png */ = {isa = PBXFileReference; lastKnownFileType = image.png; path = categoryFour.png; sourceTree = "<group>"; };
		8BCC32F1198E94FF0011B0A2 /* button.png */ = {isa = PBXFileReference; lastKnownFileType = image.png; path = button.png; sourceTree = "<group>"; };
		8BCC32F2198E94FF0011B0A2 /* levelStar.png */ = {isa = PBXFileReference; lastKnownFileType = image.png; path = levelStar.png; sourceTree = "<group>"; };
		8BCC32F3198E94FF0011B0A2 /* levelStar@2x.png */ = {isa = PBXFileReference; lastKnownFileType = image.png; path = "levelStar@2x.png"; sourceTree = "<group>"; };
		8BCC32F4198E94FF0011B0A2 /* levelStar_low.png */ = {isa = PBXFileReference; lastKnownFileType = image.png; path = levelStar_low.png; sourceTree = "<group>"; };
		8BCC32F5198E94FF0011B0A2 /* lock.png */ = {isa = PBXFileReference; lastKnownFileType = image.png; path = lock.png; sourceTree = "<group>"; };
		8BCC32F6198E94FF0011B0A2 /* star_low@2x.png */ = {isa = PBXFileReference; lastKnownFileType = image.png; path = "star_low@2x.png"; sourceTree = "<group>"; };
		8BCC32FD198E95130011B0A2 /* bg0001.png */ = {isa = PBXFileReference; lastKnownFileType = image.png; name = bg0001.png; path = "../../../../Downloads/ScrollingMenu-master/ScrollingMenu/Resources/Parallax Images/bg0001.png"; sourceTree = "<group>"; };
		8BCC32FE198E95130011B0A2 /* bg0002.png */ = {isa = PBXFileReference; lastKnownFileType = image.png; name = bg0002.png; path = "../../../../Downloads/ScrollingMenu-master/ScrollingMenu/Resources/Parallax Images/bg0002.png"; sourceTree = "<group>"; };
		8BCC32FF198E95130011B0A2 /* bg0003.png */ = {isa = PBXFileReference; lastKnownFileType = image.png; name = bg0003.png; path = "../../../../Downloads/ScrollingMenu-master/ScrollingMenu/Resources/Parallax Images/bg0003.png"; sourceTree = "<group>"; };
		8BCC3300198E95130011B0A2 /* bg0004.png */ = {isa = PBXFileReference; lastKnownFileType = image.png; name = bg0004.png; path = "../../../../Downloads/ScrollingMenu-master/ScrollingMenu/Resources/Parallax Images/bg0004.png"; sourceTree = "<group>"; };
		8BCC3301198E95130011B0A2 /* bg0005.png */ = {isa = PBXFileReference; lastKnownFileType = image.png; name = bg0005.png; path = "../../../../Downloads/ScrollingMenu-master/ScrollingMenu/Resources/Parallax Images/bg0005.png"; sourceTree = "<group>"; };
		8BCC3302198E95130011B0A2 /* mg0001.png */ = {isa = PBXFileReference; lastKnownFileType = image.png; name = mg0001.png; path = "../../../../Downloads/ScrollingMenu-master/ScrollingMenu/Resources/Parallax Images/mg0001.png"; sourceTree = "<group>"; };
		8BCC3303198E95130011B0A2 /* mg0002.png */ = {isa = PBXFileReference; lastKnownFileType = image.png; name = mg0002.png; path = "../../../../Downloads/ScrollingMenu-master/ScrollingMenu/Resources/Parallax Images/mg0002.png"; sourceTree = "<group>"; };
		8BCC3304198E95130011B0A2 /* mg0004.png */ = {isa = PBXFileReference; lastKnownFileType = image.png; name = mg0004.png; path = "../../../../Downloads/ScrollingMenu-master/ScrollingMenu/Resources/Parallax Images/mg0004.png"; sourceTree = "<group>"; };
		8BCC3305198E95130011B0A2 /* mg0005.png */ = {isa = PBXFileReference; lastKnownFileType = image.png; name = mg0005.png; path = "../../../../Downloads/ScrollingMenu-master/ScrollingMenu/Resources/Parallax Images/mg0005.png"; sourceTree = "<group>"; };
		8BCC3306198E95130011B0A2 /* mg0003.png */ = {isa = PBXFileReference; lastKnownFileType = image.png; name = mg0003.png; path = "../../../../Downloads/ScrollingMenu-master/ScrollingMenu/Resources/Parallax Images/mg0003.png"; sourceTree = "<group>"; };
		8BCC3328198EBD840011B0A2 /* Levels.plist */ = {isa = PBXFileReference; fileEncoding = 4; lastKnownFileType = text.plist.xml; path = Levels.plist; sourceTree = "<group>"; };
		8BCC3329198EBD840011B0A2 /* Worlds.plist */ = {isa = PBXFileReference; fileEncoding = 4; lastKnownFileType = text.plist.xml; path = Worlds.plist; sourceTree = "<group>"; };
		8BCC332C198EBEBC0011B0A2 /* iAKLevel.h */ = {isa = PBXFileReference; fileEncoding = 4; lastKnownFileType = sourcecode.c.h; path = iAKLevel.h; sourceTree = "<group>"; };
		8BCC332D198EBEBC0011B0A2 /* iAKLevel.m */ = {isa = PBXFileReference; fileEncoding = 4; lastKnownFileType = sourcecode.c.objc; path = iAKLevel.m; sourceTree = "<group>"; };
		8BCC332F198EBF360011B0A2 /* iAKWorld.h */ = {isa = PBXFileReference; fileEncoding = 4; lastKnownFileType = sourcecode.c.h; path = iAKWorld.h; sourceTree = "<group>"; };
		8BCC3330198EBF360011B0A2 /* iAKWorld.m */ = {isa = PBXFileReference; fileEncoding = 4; lastKnownFileType = sourcecode.c.objc; path = iAKWorld.m; sourceTree = "<group>"; };
		8BCC3332198EBFBF0011B0A2 /* iAKGameModel.h */ = {isa = PBXFileReference; fileEncoding = 4; lastKnownFileType = sourcecode.c.h; path = iAKGameModel.h; sourceTree = "<group>"; };
		8BCC3333198EBFBF0011B0A2 /* iAKGameModel.m */ = {isa = PBXFileReference; fileEncoding = 4; lastKnownFileType = sourcecode.c.objc; path = iAKGameModel.m; sourceTree = "<group>"; };
		8BCC3335198EC05A0011B0A2 /* iAKLevelButton.h */ = {isa = PBXFileReference; fileEncoding = 4; lastKnownFileType = sourcecode.c.h; path = iAKLevelButton.h; sourceTree = "<group>"; };
		8BCC3336198EC05A0011B0A2 /* iAKLevelButton.m */ = {isa = PBXFileReference; fileEncoding = 4; lastKnownFileType = sourcecode.c.objc; path = iAKLevelButton.m; sourceTree = "<group>"; };
		8BCC3338198EC1A20011B0A2 /* iAKGameConfig.h */ = {isa = PBXFileReference; lastKnownFileType = sourcecode.c.h; path = iAKGameConfig.h; sourceTree = "<group>"; };
		8BCC3339198EC20D0011B0A2 /* iAKLevelGrid.h */ = {isa = PBXFileReference; fileEncoding = 4; lastKnownFileType = sourcecode.c.h; name = iAKLevelGrid.h; path = ../iAKLevelGrid.h; sourceTree = "<group>"; };
		8BCC333A198EC20D0011B0A2 /* iAKLevelGrid.m */ = {isa = PBXFileReference; fileEncoding = 4; lastKnownFileType = sourcecode.c.objc; name = iAKLevelGrid.m; path = ../iAKLevelGrid.m; sourceTree = "<group>"; };
		8BCC333C198EC2420011B0A2 /* iAKLevelScroller.h */ = {isa = PBXFileReference; fileEncoding = 4; lastKnownFileType = sourcecode.c.h; name = iAKLevelScroller.h; path = ../iAKLevelScroller.h; sourceTree = "<group>"; };
		8BCC333D198EC2420011B0A2 /* iAKLevelScroller.m */ = {isa = PBXFileReference; fileEncoding = 4; lastKnownFileType = sourcecode.c.objc; name = iAKLevelScroller.m; path = ../iAKLevelScroller.m; sourceTree = "<group>"; };
/* End PBXFileReference section */

/* Begin PBXFrameworksBuildPhase section */
		8B620389198ADB5C00C06152 /* Frameworks */ = {
			isa = PBXFrameworksBuildPhase;
			buildActionMask = 2147483647;
			files = (
				8B620392198ADB5C00C06152 /* CoreGraphics.framework in Frameworks */,
				8B620394198ADB5C00C06152 /* UIKit.framework in Frameworks */,
				8B620396198ADB5C00C06152 /* SpriteKit.framework in Frameworks */,
				8B620390198ADB5C00C06152 /* Foundation.framework in Frameworks */,
			);
			runOnlyForDeploymentPostprocessing = 0;
		};
		8B6203B4198ADB5C00C06152 /* Frameworks */ = {
			isa = PBXFrameworksBuildPhase;
			buildActionMask = 2147483647;
			files = (
				8B6203B9198ADB5C00C06152 /* XCTest.framework in Frameworks */,
				8B6203BB198ADB5C00C06152 /* UIKit.framework in Frameworks */,
				8B6203BA198ADB5C00C06152 /* Foundation.framework in Frameworks */,
			);
			runOnlyForDeploymentPostprocessing = 0;
		};
/* End PBXFrameworksBuildPhase section */

/* Begin PBXGroup section */
		8B620383198ADB5B00C06152 = {
			isa = PBXGroup;
			children = (
				8BCC3328198EBD840011B0A2 /* Levels.plist */,
				8BCC3329198EBD840011B0A2 /* Worlds.plist */,
				8B620397198ADB5C00C06152 /* TidyUp */,
				8B6203BE198ADB5C00C06152 /* TidyUpTests */,
				8B62038E198ADB5C00C06152 /* Frameworks */,
				8B62038D198ADB5C00C06152 /* Products */,
			);
			sourceTree = "<group>";
		};
		8B62038D198ADB5C00C06152 /* Products */ = {
			isa = PBXGroup;
			children = (
				8B62038C198ADB5C00C06152 /* TidyUp.app */,
				8B6203B7198ADB5C00C06152 /* TidyUpTests.xctest */,
			);
			name = Products;
			sourceTree = "<group>";
		};
		8B62038E198ADB5C00C06152 /* Frameworks */ = {
			isa = PBXGroup;
			children = (
				8B62038F198ADB5C00C06152 /* Foundation.framework */,
				8B620391198ADB5C00C06152 /* CoreGraphics.framework */,
				8B620393198ADB5C00C06152 /* UIKit.framework */,
				8B620395198ADB5C00C06152 /* SpriteKit.framework */,
				8B6203B8198ADB5C00C06152 /* XCTest.framework */,
			);
			name = Frameworks;
			sourceTree = "<group>";
		};
		8B620397198ADB5C00C06152 /* TidyUp */ = {
			isa = PBXGroup;
			children = (
				8BCC332C198EBEBC0011B0A2 /* iAKLevel.h */,
				8BCC332D198EBEBC0011B0A2 /* iAKLevel.m */,
				8BCC332F198EBF360011B0A2 /* iAKWorld.h */,
				8BCC3330198EBF360011B0A2 /* iAKWorld.m */,
				8BCC3332198EBFBF0011B0A2 /* iAKGameModel.h */,
				8BCC3333198EBFBF0011B0A2 /* iAKGameModel.m */,
				8BCC3335198EC05A0011B0A2 /* iAKLevelButton.h */,
				8BCC3336198EC05A0011B0A2 /* iAKLevelButton.m */,
				8BCC3338198EC1A20011B0A2 /* iAKGameConfig.h */,
				8BCC3339198EC20D0011B0A2 /* iAKLevelGrid.h */,
				8BCC333A198EC20D0011B0A2 /* iAKLevelGrid.m */,
				8BCC333C198EC2420011B0A2 /* iAKLevelScroller.h */,
				8BCC333D198EC2420011B0A2 /* iAKLevelScroller.m */,
				8BA05531198BCA3200A918FF /* Classes */,
				8B6203CE198ADCFE00C06152 /* Arts */,
				8B6203A0198ADB5C00C06152 /* iAKAppDelegate.h */,
				8B6203A1198ADB5C00C06152 /* iAKAppDelegate.m */,
				8B6203A3198ADB5C00C06152 /* Main_iPhone.storyboard */,
				8B6203A6198ADB5C00C06152 /* Main_iPad.storyboard */,
				8B6203A9198ADB5C00C06152 /* iAKViewController.h */,
				8B6203AA198ADB5C00C06152 /* iAKViewController.m */,
				8B6203AC198ADB5C00C06152 /* iAKMyScene.h */,
				8B6203AD198ADB5C00C06152 /* iAKMyScene.m */,
				8B6203AF198ADB5C00C06152 /* Spaceship.png */,
				8B6203B1198ADB5C00C06152 /* Images.xcassets */,
				8B620398198ADB5C00C06152 /* Supporting Files */,
			);
			path = TidyUp;
			sourceTree = "<group>";
		};
		8B620398198ADB5C00C06152 /* Supporting Files */ = {
			isa = PBXGroup;
			children = (
				8B620399198ADB5C00C06152 /* TidyUp-Info.plist */,
				8B62039A198ADB5C00C06152 /* InfoPlist.strings */,
				8B62039D198ADB5C00C06152 /* main.m */,
				8B62039F198ADB5C00C06152 /* TidyUp-Prefix.pch */,
			);
			name = "Supporting Files";
			sourceTree = "<group>";
		};
		8B6203BE198ADB5C00C06152 /* TidyUpTests */ = {
			isa = PBXGroup;
			children = (
				8B6203C4198ADB5C00C06152 /* TidyUpTests.m */,
				8B6203BF198ADB5C00C06152 /* Supporting Files */,
			);
			path = TidyUpTests;
			sourceTree = "<group>";
		};
		8B6203BF198ADB5C00C06152 /* Supporting Files */ = {
			isa = PBXGroup;
			children = (
				8B6203C0198ADB5C00C06152 /* TidyUpTests-Info.plist */,
				8B6203C1198ADB5C00C06152 /* InfoPlist.strings */,
			);
			name = "Supporting Files";
			sourceTree = "<group>";
		};
		8B6203CE198ADCFE00C06152 /* Arts */ = {
			isa = PBXGroup;
			children = (
				8BCC32FD198E95130011B0A2 /* bg0001.png */,
				8BCC32FE198E95130011B0A2 /* bg0002.png */,
				8BCC32FF198E95130011B0A2 /* bg0003.png */,
				8BCC3300198E95130011B0A2 /* bg0004.png */,
				8BCC3301198E95130011B0A2 /* bg0005.png */,
				8BCC3302198E95130011B0A2 /* mg0001.png */,
				8BCC3303198E95130011B0A2 /* mg0002.png */,
				8BCC3304198E95130011B0A2 /* mg0004.png */,
				8BCC3305198E95130011B0A2 /* mg0005.png */,
				8BCC3306198E95130011B0A2 /* mg0003.png */,
				8BCC32F1198E94FF0011B0A2 /* button.png */,
				8BCC32F2198E94FF0011B0A2 /* levelStar.png */,
				8BCC32F3198E94FF0011B0A2 /* levelStar@2x.png */,
				8BCC32F4198E94FF0011B0A2 /* levelStar_low.png */,
				8BCC32F5198E94FF0011B0A2 /* lock.png */,
				8BCC32F6198E94FF0011B0A2 /* star_low@2x.png */,
				8B620444198AF54300C06152 /* categoryTwo.png */,
				8B620445198AF54300C06152 /* categoryOne.png */,
				8B620446198AF54300C06152 /* categoryThree.png */,
				8B620447198AF54300C06152 /* categoryFour.png */,
				8B62043F198AE60100C06152 /* playButton.png */,
				8B62043D198AE34500C06152 /* Background@2x.png */,
				8B6203CF198ADD2200C06152 /* tidyUpButton.png */,
				8B6203D0198ADD2200C06152 /* Croissant-Highlighted.png */,
				8B6203D1198ADD2200C06152 /* Croissant-Highlighted@2x.png */,
				8B6203D2198ADD2200C06152 /* Croissant.png */,
				8B6203D3198ADD2200C06152 /* Croissant@2x.png */,
				8B6203D4198ADD2200C06152 /* Cupcake-Highlighted.png */,
				8B6203D5198ADD2200C06152 /* Cupcake-Highlighted@2x.png */,
				8B6203D6198ADD2200C06152 /* Cupcake.png */,
				8B6203D7198ADD2200C06152 /* Cupcake@2x.png */,
				8B6203D8198ADD2200C06152 /* Danish-Highlighted.png */,
				8B6203D9198ADD2200C06152 /* Danish-Highlighted@2x.png */,
				8B6203DA198ADD2200C06152 /* Danish.png */,
				8B6203DB198ADD2200C06152 /* Danish@2x.png */,
				8B6203DC198ADD2200C06152 /* Donut-Highlighted.png */,
				8B6203DD198ADD2200C06152 /* Donut-Highlighted@2x.png */,
				8B6203DE198ADD2200C06152 /* Donut.png */,
				8B6203DF198ADD2200C06152 /* Donut@2x.png */,
				8B6203E0198ADD2200C06152 /* Macaroon-Highlighted.png */,
				8B6203E1198ADD2200C06152 /* Macaroon-Highlighted@2x.png */,
				8B6203E2198ADD2200C06152 /* Macaroon.png */,
				8B6203E3198ADD2200C06152 /* Macaroon@2x.png */,
				8B6203E4198ADD2200C06152 /* SugarCookie-Highlighted.png */,
				8B6203E5198ADD2200C06152 /* SugarCookie-Highlighted@2x.png */,
				8B6203E6198ADD2200C06152 /* SugarCookie.png */,
				8B6203E7198ADD2200C06152 /* SugarCookie@2x.png */,
				8B6203E8198ADD2200C06152 /* Tile.png */,
				8B6203E9198ADD2200C06152 /* Tile@2x.png */,
				8B6203EA198ADD2200C06152 /* MaskTile.png */,
				8B6203EB198ADD2200C06152 /* MaskTile@2x.png */,
				8B6203EC198ADD2200C06152 /* Tile_1.png */,
				8B6203ED198ADD2200C06152 /* Tile_1@2x.png */,
				8B6203EE198ADD2200C06152 /* Tile_2.png */,
				8B6203EF198ADD2200C06152 /* Tile_2@2x.png */,
				8B6203F0198ADD2200C06152 /* Tile_3.png */,
				8B6203F1198ADD2200C06152 /* Tile_3@2x.png */,
				8B6203F2198ADD2200C06152 /* Tile_4.png */,
				8B6203F3198ADD2200C06152 /* Tile_4@2x.png */,
				8B6203F4198ADD2200C06152 /* Tile_5.png */,
				8B6203F5198ADD2200C06152 /* Tile_5@2x.png */,
				8B6203F6198ADD2200C06152 /* Tile_7.png */,
				8B6203F7198ADD2200C06152 /* Tile_7@2x.png */,
				8B6203F8198ADD2200C06152 /* Tile_8.png */,
				8B6203F9198ADD2200C06152 /* Tile_8@2x.png */,
				8B6203FA198ADD2200C06152 /* Tile_10.png */,
				8B6203FB198ADD2200C06152 /* Tile_10@2x.png */,
				8B6203FC198ADD2200C06152 /* Tile_11.png */,
				8B6203FD198ADD2200C06152 /* Tile_11@2x.png */,
				8B6203FE198ADD2200C06152 /* Tile_12.png */,
				8B6203FF198ADD2200C06152 /* Tile_12@2x.png */,
				8B620400198ADD2200C06152 /* Tile_13.png */,
				8B620401198ADD2200C06152 /* Tile_13@2x.png */,
				8B620402198ADD2200C06152 /* Tile_14.png */,
				8B620403198ADD2200C06152 /* Tile_14@2x.png */,
				8B620404198ADD2200C06152 /* Tile_15.png */,
				8B620405198ADD2200C06152 /* Tile_15@2x.png */,
			);
			name = Arts;
			sourceTree = "<group>";
		};
		8BA05531198BCA3200A918FF /* Classes */ = {
			isa = PBXGroup;
			children = (
			);
			name = Classes;
			sourceTree = "<group>";
		};
/* End PBXGroup section */

/* Begin PBXNativeTarget section */
		8B62038B198ADB5C00C06152 /* TidyUp */ = {
			isa = PBXNativeTarget;
			buildConfigurationList = 8B6203C8198ADB5C00C06152 /* Build configuration list for PBXNativeTarget "TidyUp" */;
			buildPhases = (
				8B620388198ADB5C00C06152 /* Sources */,
				8B620389198ADB5C00C06152 /* Frameworks */,
				8B62038A198ADB5C00C06152 /* Resources */,
			);
			buildRules = (
			);
			dependencies = (
			);
			name = TidyUp;
			productName = TidyUp;
			productReference = 8B62038C198ADB5C00C06152 /* TidyUp.app */;
			productType = "com.apple.product-type.application";
		};
		8B6203B6198ADB5C00C06152 /* TidyUpTests */ = {
			isa = PBXNativeTarget;
			buildConfigurationList = 8B6203CB198ADB5C00C06152 /* Build configuration list for PBXNativeTarget "TidyUpTests" */;
			buildPhases = (
				8B6203B3198ADB5C00C06152 /* Sources */,
				8B6203B4198ADB5C00C06152 /* Frameworks */,
				8B6203B5198ADB5C00C06152 /* Resources */,
			);
			buildRules = (
			);
			dependencies = (
				8B6203BD198ADB5C00C06152 /* PBXTargetDependency */,
			);
			name = TidyUpTests;
			productName = TidyUpTests;
			productReference = 8B6203B7198ADB5C00C06152 /* TidyUpTests.xctest */;
			productType = "com.apple.product-type.bundle.unit-test";
		};
/* End PBXNativeTarget section */

/* Begin PBXProject section */
		8B620384198ADB5B00C06152 /* Project object */ = {
			isa = PBXProject;
			attributes = {
				CLASSPREFIX = iAK;
				LastUpgradeCheck = 0510;
				ORGANIZATIONNAME = iAKTU;
				TargetAttributes = {
					8B6203B6198ADB5C00C06152 = {
						TestTargetID = 8B62038B198ADB5C00C06152;
					};
				};
			};
			buildConfigurationList = 8B620387198ADB5B00C06152 /* Build configuration list for PBXProject "TidyUp" */;
			compatibilityVersion = "Xcode 3.2";
			developmentRegion = English;
			hasScannedForEncodings = 0;
			knownRegions = (
				en,
				Base,
			);
			mainGroup = 8B620383198ADB5B00C06152;
			productRefGroup = 8B62038D198ADB5C00C06152 /* Products */;
			projectDirPath = "";
			projectRoot = "";
			targets = (
				8B62038B198ADB5C00C06152 /* TidyUp */,
				8B6203B6198ADB5C00C06152 /* TidyUpTests */,
			);
		};
/* End PBXProject section */

/* Begin PBXResourcesBuildPhase section */
		8B62038A198ADB5C00C06152 /* Resources */ = {
			isa = PBXResourcesBuildPhase;
			buildActionMask = 2147483647;
			files = (
				8B620413198ADD2200C06152 /* Donut-Highlighted.png in Resources */,
				8B620432198ADD2200C06152 /* Tile_10@2x.png in Resources */,
				8BCC330C198E95130011B0A2 /* mg0001.png in Resources */,
				8B620449198AF54300C06152 /* categoryOne.png in Resources */,
				8B62040F198ADD2200C06152 /* Danish-Highlighted.png in Resources */,
				8B620406198ADD2200C06152 /* tidyUpButton.png in Resources */,
				8B620425198ADD2200C06152 /* Tile_2.png in Resources */,
				8B62040C198ADD2200C06152 /* Cupcake-Highlighted@2x.png in Resources */,
				8B6203B0198ADB5C00C06152 /* Spaceship.png in Resources */,
				8B620435198ADD2200C06152 /* Tile_12.png in Resources */,
				8B62041D198ADD2200C06152 /* SugarCookie.png in Resources */,
				8B620440198AE60100C06152 /* playButton.png in Resources */,
				8B620426198ADD2200C06152 /* Tile_2@2x.png in Resources */,
				8B620411198ADD2200C06152 /* Danish.png in Resources */,
				8B620407198ADD2200C06152 /* Croissant-Highlighted.png in Resources */,
				8B620416198ADD2200C06152 /* Donut@2x.png in Resources */,
				8B62041A198ADD2200C06152 /* Macaroon@2x.png in Resources */,
				8B620422198ADD2200C06152 /* MaskTile@2x.png in Resources */,
				8B62041F198ADD2200C06152 /* Tile.png in Resources */,
				8BCC32FC198E94FF0011B0A2 /* star_low@2x.png in Resources */,
				8B620423198ADD2200C06152 /* Tile_1.png in Resources */,
				8B62041C198ADD2200C06152 /* SugarCookie-Highlighted@2x.png in Resources */,
				8BCC32FB198E94FF0011B0A2 /* lock.png in Resources */,
				8B620421198ADD2200C06152 /* MaskTile.png in Resources */,
				8B620433198ADD2200C06152 /* Tile_11.png in Resources */,
				8B62042D198ADD2200C06152 /* Tile_7.png in Resources */,
				8BCC330D198E95130011B0A2 /* mg0002.png in Resources */,
				8BCC330F198E95130011B0A2 /* mg0005.png in Resources */,
				8B620429198ADD2200C06152 /* Tile_4.png in Resources */,
				8B62042B198ADD2200C06152 /* Tile_5.png in Resources */,
				8B62042E198ADD2200C06152 /* Tile_7@2x.png in Resources */,
				8B620417198ADD2200C06152 /* Macaroon-Highlighted.png in Resources */,
				8B62044B198AF54300C06152 /* categoryFour.png in Resources */,
				8B62040A198ADD2200C06152 /* Croissant@2x.png in Resources */,
				8BCC330A198E95130011B0A2 /* bg0004.png in Resources */,
				8B62041E198ADD2200C06152 /* SugarCookie@2x.png in Resources */,
				8BCC32FA198E94FF0011B0A2 /* levelStar_low.png in Resources */,
				8B620439198ADD2200C06152 /* Tile_14.png in Resources */,
				8B620412198ADD2200C06152 /* Danish@2x.png in Resources */,
				8B620438198ADD2200C06152 /* Tile_13@2x.png in Resources */,
				8B6203B2198ADB5C00C06152 /* Images.xcassets in Resources */,
				8B62044A198AF54300C06152 /* categoryThree.png in Resources */,
				8B62043B198ADD2200C06152 /* Tile_15.png in Resources */,
				8BCC3310198E95130011B0A2 /* mg0003.png in Resources */,
				8BCC330B198E95130011B0A2 /* bg0005.png in Resources */,
				8B620419198ADD2200C06152 /* Macaroon.png in Resources */,
				8B6203A8198ADB5C00C06152 /* Main_iPad.storyboard in Resources */,
				8B620434198ADD2200C06152 /* Tile_11@2x.png in Resources */,
				8BCC32F8198E94FF0011B0A2 /* levelStar.png in Resources */,
				8B62040D198ADD2200C06152 /* Cupcake.png in Resources */,
				8B620431198ADD2200C06152 /* Tile_10.png in Resources */,
				8B620418198ADD2200C06152 /* Macaroon-Highlighted@2x.png in Resources */,
				8B62042C198ADD2200C06152 /* Tile_5@2x.png in Resources */,
				8B620428198ADD2200C06152 /* Tile_3@2x.png in Resources */,
				8B62043A198ADD2200C06152 /* Tile_14@2x.png in Resources */,
				8B620424198ADD2200C06152 /* Tile_1@2x.png in Resources */,
				8B62042F198ADD2200C06152 /* Tile_8.png in Resources */,
				8B620408198ADD2200C06152 /* Croissant-Highlighted@2x.png in Resources */,
				8B620420198ADD2200C06152 /* Tile@2x.png in Resources */,
				8B62042A198ADD2200C06152 /* Tile_4@2x.png in Resources */,
				8BCC32F9198E94FF0011B0A2 /* levelStar@2x.png in Resources */,
				8BCC32F7198E94FF0011B0A2 /* button.png in Resources */,
				8B62043C198ADD2200C06152 /* Tile_15@2x.png in Resources */,
				8B62041B198ADD2200C06152 /* SugarCookie-Highlighted.png in Resources */,
				8B620437198ADD2200C06152 /* Tile_13.png in Resources */,
				8BCC332B198EBD840011B0A2 /* Worlds.plist in Resources */,
				8B620414198ADD2200C06152 /* Donut-Highlighted@2x.png in Resources */,
				8B620409198ADD2200C06152 /* Croissant.png in Resources */,
				8B620410198ADD2200C06152 /* Danish-Highlighted@2x.png in Resources */,
				8BCC3308198E95130011B0A2 /* bg0002.png in Resources */,
				8B620427198ADD2200C06152 /* Tile_3.png in Resources */,
				8BCC3307198E95130011B0A2 /* bg0001.png in Resources */,
				8BCC330E198E95130011B0A2 /* mg0004.png in Resources */,
				8B62040B198ADD2200C06152 /* Cupcake-Highlighted.png in Resources */,
				8BCC332A198EBD840011B0A2 /* Levels.plist in Resources */,
				8B620415198ADD2200C06152 /* Donut.png in Resources */,
				8B620436198ADD2200C06152 /* Tile_12@2x.png in Resources */,
				8B62040E198ADD2200C06152 /* Cupcake@2x.png in Resources */,
				8BCC3309198E95130011B0A2 /* bg0003.png in Resources */,
				8B620448198AF54300C06152 /* categoryTwo.png in Resources */,
				8B6203A5198ADB5C00C06152 /* Main_iPhone.storyboard in Resources */,
				8B62043E198AE34500C06152 /* Background@2x.png in Resources */,
				8B62039C198ADB5C00C06152 /* InfoPlist.strings in Resources */,
				8B620430198ADD2200C06152 /* Tile_8@2x.png in Resources */,
			);
			runOnlyForDeploymentPostprocessing = 0;
		};
		8B6203B5198ADB5C00C06152 /* Resources */ = {
			isa = PBXResourcesBuildPhase;
			buildActionMask = 2147483647;
			files = (
				8B6203C3198ADB5C00C06152 /* InfoPlist.strings in Resources */,
			);
			runOnlyForDeploymentPostprocessing = 0;
		};
/* End PBXResourcesBuildPhase section */

/* Begin PBXSourcesBuildPhase section */
		8B620388198ADB5C00C06152 /* Sources */ = {
			isa = PBXSourcesBuildPhase;
			buildActionMask = 2147483647;
			files = (
				8BCC333B198EC20D0011B0A2 /* iAKLevelGrid.m in Sources */,
				8BCC3337198EC05A0011B0A2 /* iAKLevelButton.m in Sources */,
				8BCC3334198EBFBF0011B0A2 /* iAKGameModel.m in Sources */,
				8BCC333E198EC2420011B0A2 /* iAKLevelScroller.m in Sources */,
				8BCC3331198EBF360011B0A2 /* iAKWorld.m in Sources */,
				8B6203AE198ADB5C00C06152 /* iAKMyScene.m in Sources */,
				8B6203A2198ADB5C00C06152 /* iAKAppDelegate.m in Sources */,
				8BCC332E198EBEBC0011B0A2 /* iAKLevel.m in Sources */,
				8B62039E198ADB5C00C06152 /* main.m in Sources */,
				8B6203AB198ADB5C00C06152 /* iAKViewController.m in Sources */,
			);
			runOnlyForDeploymentPostprocessing = 0;
		};
		8B6203B3198ADB5C00C06152 /* Sources */ = {
			isa = PBXSourcesBuildPhase;
			buildActionMask = 2147483647;
			files = (
				8B6203C5198ADB5C00C06152 /* TidyUpTests.m in Sources */,
			);
			runOnlyForDeploymentPostprocessing = 0;
		};
/* End PBXSourcesBuildPhase section */

/* Begin PBXTargetDependency section */
		8B6203BD198ADB5C00C06152 /* PBXTargetDependency */ = {
			isa = PBXTargetDependency;
			target = 8B62038B198ADB5C00C06152 /* TidyUp */;
			targetProxy = 8B6203BC198ADB5C00C06152 /* PBXContainerItemProxy */;
		};
/* End PBXTargetDependency section */

/* Begin PBXVariantGroup section */
		8B62039A198ADB5C00C06152 /* InfoPlist.strings */ = {
			isa = PBXVariantGroup;
			children = (
				8B62039B198ADB5C00C06152 /* en */,
			);
			name = InfoPlist.strings;
			sourceTree = "<group>";
		};
		8B6203A3198ADB5C00C06152 /* Main_iPhone.storyboard */ = {
			isa = PBXVariantGroup;
			children = (
				8B6203A4198ADB5C00C06152 /* Base */,
			);
			name = Main_iPhone.storyboard;
			sourceTree = "<group>";
		};
		8B6203A6198ADB5C00C06152 /* Main_iPad.storyboard */ = {
			isa = PBXVariantGroup;
			children = (
				8B6203A7198ADB5C00C06152 /* Base */,
			);
			name = Main_iPad.storyboard;
			sourceTree = "<group>";
		};
		8B6203C1198ADB5C00C06152 /* InfoPlist.strings */ = {
			isa = PBXVariantGroup;
			children = (
				8B6203C2198ADB5C00C06152 /* en */,
			);
			name = InfoPlist.strings;
			sourceTree = "<group>";
		};
/* End PBXVariantGroup section */

/* Begin XCBuildConfiguration section */
		8B6203C6198ADB5C00C06152 /* Debug */ = {
			isa = XCBuildConfiguration;
			buildSettings = {
				ALWAYS_SEARCH_USER_PATHS = NO;
				CLANG_CXX_LANGUAGE_STANDARD = "gnu++0x";
				CLANG_CXX_LIBRARY = "libc++";
				CLANG_ENABLE_MODULES = YES;
				CLANG_ENABLE_OBJC_ARC = YES;
				CLANG_WARN_BOOL_CONVERSION = YES;
				CLANG_WARN_CONSTANT_CONVERSION = YES;
				CLANG_WARN_DIRECT_OBJC_ISA_USAGE = YES_ERROR;
				CLANG_WARN_EMPTY_BODY = YES;
				CLANG_WARN_ENUM_CONVERSION = YES;
				CLANG_WARN_INT_CONVERSION = YES;
				CLANG_WARN_OBJC_ROOT_CLASS = YES_ERROR;
				CLANG_WARN__DUPLICATE_METHOD_MATCH = YES;
				"CODE_SIGN_IDENTITY[sdk=iphoneos*]" = "iPhone Developer";
				COPY_PHASE_STRIP = NO;
				GCC_C_LANGUAGE_STANDARD = gnu99;
				GCC_DYNAMIC_NO_PIC = NO;
				GCC_OPTIMIZATION_LEVEL = 0;
				GCC_PREPROCESSOR_DEFINITIONS = (
					"DEBUG=1",
					"$(inherited)",
				);
				GCC_SYMBOLS_PRIVATE_EXTERN = NO;
				GCC_WARN_64_TO_32_BIT_CONVERSION = YES;
				GCC_WARN_ABOUT_RETURN_TYPE = YES_ERROR;
				GCC_WARN_UNDECLARED_SELECTOR = YES;
				GCC_WARN_UNINITIALIZED_AUTOS = YES_AGGRESSIVE;
				GCC_WARN_UNUSED_FUNCTION = YES;
				GCC_WARN_UNUSED_VARIABLE = YES;
				IPHONEOS_DEPLOYMENT_TARGET = 7.1;
				ONLY_ACTIVE_ARCH = YES;
				SDKROOT = iphoneos;
				TARGETED_DEVICE_FAMILY = "1,2";
			};
			name = Debug;
		};
		8B6203C7198ADB5C00C06152 /* Release */ = {
			isa = XCBuildConfiguration;
			buildSettings = {
				ALWAYS_SEARCH_USER_PATHS = NO;
				CLANG_CXX_LANGUAGE_STANDARD = "gnu++0x";
				CLANG_CXX_LIBRARY = "libc++";
				CLANG_ENABLE_MODULES = YES;
				CLANG_ENABLE_OBJC_ARC = YES;
				CLANG_WARN_BOOL_CONVERSION = YES;
				CLANG_WARN_CONSTANT_CONVERSION = YES;
				CLANG_WARN_DIRECT_OBJC_ISA_USAGE = YES_ERROR;
				CLANG_WARN_EMPTY_BODY = YES;
				CLANG_WARN_ENUM_CONVERSION = YES;
				CLANG_WARN_INT_CONVERSION = YES;
				CLANG_WARN_OBJC_ROOT_CLASS = YES_ERROR;
				CLANG_WARN__DUPLICATE_METHOD_MATCH = YES;
				"CODE_SIGN_IDENTITY[sdk=iphoneos*]" = "iPhone Developer";
				COPY_PHASE_STRIP = YES;
				ENABLE_NS_ASSERTIONS = NO;
				GCC_C_LANGUAGE_STANDARD = gnu99;
				GCC_WARN_64_TO_32_BIT_CONVERSION = YES;
				GCC_WARN_ABOUT_RETURN_TYPE = YES_ERROR;
				GCC_WARN_UNDECLARED_SELECTOR = YES;
				GCC_WARN_UNINITIALIZED_AUTOS = YES_AGGRESSIVE;
				GCC_WARN_UNUSED_FUNCTION = YES;
				GCC_WARN_UNUSED_VARIABLE = YES;
				IPHONEOS_DEPLOYMENT_TARGET = 7.1;
				SDKROOT = iphoneos;
				TARGETED_DEVICE_FAMILY = "1,2";
				VALIDATE_PRODUCT = YES;
			};
			name = Release;
		};
		8B6203C9198ADB5C00C06152 /* Debug */ = {
			isa = XCBuildConfiguration;
			buildSettings = {
				ASSETCATALOG_COMPILER_APPICON_NAME = AppIcon;
				ASSETCATALOG_COMPILER_LAUNCHIMAGE_NAME = LaunchImage;
				GCC_PRECOMPILE_PREFIX_HEADER = YES;
				GCC_PREFIX_HEADER = "TidyUp/TidyUp-Prefix.pch";
				INFOPLIST_FILE = "TidyUp/TidyUp-Info.plist";
				IPHONEOS_DEPLOYMENT_TARGET = 7.0;
				PRODUCT_NAME = "$(TARGET_NAME)";
				SPRITEKIT_TEXTURE_ATLAS_OUTPUT = YES;
				WRAPPER_EXTENSION = app;
			};
			name = Debug;
		};
		8B6203CA198ADB5C00C06152 /* Release */ = {
			isa = XCBuildConfiguration;
			buildSettings = {
				ASSETCATALOG_COMPILER_APPICON_NAME = AppIcon;
				ASSETCATALOG_COMPILER_LAUNCHIMAGE_NAME = LaunchImage;
				GCC_PRECOMPILE_PREFIX_HEADER = YES;
				GCC_PREFIX_HEADER = "TidyUp/TidyUp-Prefix.pch";
				INFOPLIST_FILE = "TidyUp/TidyUp-Info.plist";
				IPHONEOS_DEPLOYMENT_TARGET = 7.0;
				PRODUCT_NAME = "$(TARGET_NAME)";
				SPRITEKIT_TEXTURE_ATLAS_OUTPUT = YES;
				WRAPPER_EXTENSION = app;
			};
			name = Release;
		};
		8B6203CC198ADB5C00C06152 /* Debug */ = {
			isa = XCBuildConfiguration;
			buildSettings = {
				BUNDLE_LOADER = "$(BUILT_PRODUCTS_DIR)/TidyUp.app/TidyUp";
				FRAMEWORK_SEARCH_PATHS = (
					"$(SDKROOT)/Developer/Library/Frameworks",
					"$(inherited)",
					"$(DEVELOPER_FRAMEWORKS_DIR)",
				);
				GCC_PRECOMPILE_PREFIX_HEADER = YES;
				GCC_PREFIX_HEADER = "TidyUp/TidyUp-Prefix.pch";
				GCC_PREPROCESSOR_DEFINITIONS = (
					"DEBUG=1",
					"$(inherited)",
				);
				INFOPLIST_FILE = "TidyUpTests/TidyUpTests-Info.plist";
				PRODUCT_NAME = "$(TARGET_NAME)";
				TEST_HOST = "$(BUNDLE_LOADER)";
				WRAPPER_EXTENSION = xctest;
			};
			name = Debug;
		};
		8B6203CD198ADB5C00C06152 /* Release */ = {
			isa = XCBuildConfiguration;
			buildSettings = {
				BUNDLE_LOADER = "$(BUILT_PRODUCTS_DIR)/TidyUp.app/TidyUp";
				FRAMEWORK_SEARCH_PATHS = (
					"$(SDKROOT)/Developer/Library/Frameworks",
					"$(inherited)",
					"$(DEVELOPER_FRAMEWORKS_DIR)",
				);
				GCC_PRECOMPILE_PREFIX_HEADER = YES;
				GCC_PREFIX_HEADER = "TidyUp/TidyUp-Prefix.pch";
				INFOPLIST_FILE = "TidyUpTests/TidyUpTests-Info.plist";
				PRODUCT_NAME = "$(TARGET_NAME)";
				TEST_HOST = "$(BUNDLE_LOADER)";
				WRAPPER_EXTENSION = xctest;
			};
			name = Release;
		};
/* End XCBuildConfiguration section */

/* Begin XCConfigurationList section */
		8B620387198ADB5B00C06152 /* Build configuration list for PBXProject "TidyUp" */ = {
			isa = XCConfigurationList;
			buildConfigurations = (
				8B6203C6198ADB5C00C06152 /* Debug */,
				8B6203C7198ADB5C00C06152 /* Release */,
			);
			defaultConfigurationIsVisible = 0;
			defaultConfigurationName = Release;
		};
		8B6203C8198ADB5C00C06152 /* Build configuration list for PBXNativeTarget "TidyUp" */ = {
			isa = XCConfigurationList;
			buildConfigurations = (
				8B6203C9198ADB5C00C06152 /* Debug */,
				8B6203CA198ADB5C00C06152 /* Release */,
			);
			defaultConfigurationIsVisible = 0;
			defaultConfigurationName = Release;
		};
		8B6203CB198ADB5C00C06152 /* Build configuration list for PBXNativeTarget "TidyUpTests" */ = {
			isa = XCConfigurationList;
			buildConfigurations = (
				8B6203CC198ADB5C00C06152 /* Debug */,
				8B6203CD198ADB5C00C06152 /* Release */,
			);
			defaultConfigurationIsVisible = 0;
			defaultConfigurationName = Release;
		};
/* End XCConfigurationList section */
	};
	rootObject = 8B620384198ADB5B00C06152 /* Project object */;
}
